
Microsoft Visual Studio Solution File, Format Version 12.00
# Visual Studio Version 16
VisualStudioVersion = 16.0.32126.315
MinimumVisualStudioVersion = 10.0.40219.1
Project("{FAE04EC0-301F-11D3-BF4B-00C04F79EFBC}") = "WebApplication9", "WebApplication9\WebApplication9.csproj", "{668E790C-B6F9-4508-B254-B6544685EA61}"
EndProject
Global
	GlobalSection(SolutionConfigurationPlatforms) = preSolution
		Debug|Any CPU = Debug|Any CPU
		Release|Any CPU = Release|Any CPU
	EndGlobalSection
	GlobalSection(ProjectConfigurationPlatforms) = postSolution
		{668E790C-B6F9-4508-B254-B6544685EA61}.Debug|Any CPU.ActiveCfg = Debug|Any CPU
		{668E790C-B6F9-4508-B254-B6544685EA61}.Debug|Any CPU.Build.0 = Debug|Any CPU
		{668E790C-B6F9-4508-B254-B6544685EA61}.Release|Any CPU.ActiveCfg = Release|Any CPU
		{668E790C-B6F9-4508-B254-B6544685EA61}.Release|Any CPU.Build.0 = Release|Any CPU
	EndGlobalSection
	GlobalSection(SolutionProperties) = preSolution
		HideSolutionNode = FALSE
	EndGlobalSection
	GlobalSection(ExtensibilityGlobals) = postSolution
		SolutionGuid = {35AEA1F4-7A45-4F89-B27F-D96BB2093438}
	EndGlobalSection
EndGlobal
